
Microsoft Visual Studio Solution File, Format Version 12.00
# Visual Studio Version 16
VisualStudioVersion = 16.0.31624.102
MinimumVisualStudioVersion = 10.0.40219.1
Project("{FAE04EC0-301F-11D3-BF4B-00C04F79EFBC}") = "PresentationUI", "PresentationUI\PresentationUI.csproj", "{B90802F2-E6E5-479F-BBDE-34E9FB5E8FFF}"
EndProject
Project("{FAE04EC0-301F-11D3-BF4B-00C04F79EFBC}") = "BusinessLayer", "BusinessLayer\BusinessLayer.csproj", "{EED68AEB-4440-4ED6-B59B-25A7BA46E6C8}"
EndProject
Project("{FAE04EC0-301F-11D3-BF4B-00C04F79EFBC}") = "DataAccessLayer", "DataAccessLayer\DataAccessLayer.csproj", "{CB139D61-B17F-4FC0-B1C9-3EDE901C408E}"
EndProject
Project("{FAE04EC0-301F-11D3-BF4B-00C04F79EFBC}") = "EntityLayer", "EntityLayer\EntityLayer.csproj", "{DC8E8E69-4603-4DD0-9085-08DDC1C5F417}"
EndProject
Project("{FAE04EC0-301F-11D3-BF4B-00C04F79EFBC}") = "CoreLayer", "CoreLayer\CoreLayer.csproj", "{C8E23575-A1AB-4860-9301-6265BE189EF8}"
EndProject
Global
	GlobalSection(SolutionConfigurationPlatforms) = preSolution
		Debug|Any CPU = Debug|Any CPU
		Release|Any CPU = Release|Any CPU
	EndGlobalSection
	GlobalSection(ProjectConfigurationPlatforms) = postSolution
		{B90802F2-E6E5-479F-BBDE-34E9FB5E8FFF}.Debug|Any CPU.ActiveCfg = Debug|Any CPU
		{B90802F2-E6E5-479F-BBDE-34E9FB5E8FFF}.Debug|Any CPU.Build.0 = Debug|Any CPU
		{B90802F2-E6E5-479F-BBDE-34E9FB5E8FFF}.Release|Any CPU.ActiveCfg = Release|Any CPU
		{B90802F2-E6E5-479F-BBDE-34E9FB5E8FFF}.Release|Any CPU.Build.0 = Release|Any CPU
		{EED68AEB-4440-4ED6-B59B-25A7BA46E6C8}.Debug|Any CPU.ActiveCfg = Debug|Any CPU
		{EED68AEB-4440-4ED6-B59B-25A7BA46E6C8}.Debug|Any CPU.Build.0 = Debug|Any CPU
		{EED68AEB-4440-4ED6-B59B-25A7BA46E6C8}.Release|Any CPU.ActiveCfg = Release|Any CPU
		{EED68AEB-4440-4ED6-B59B-25A7BA46E6C8}.Release|Any CPU.Build.0 = Release|Any CPU
		{CB139D61-B17F-4FC0-B1C9-3EDE901C408E}.Debug|Any CPU.ActiveCfg = Debug|Any CPU
		{CB139D61-B17F-4FC0-B1C9-3EDE901C408E}.Debug|Any CPU.Build.0 = Debug|Any CPU
		{CB139D61-B17F-4FC0-B1C9-3EDE901C408E}.Release|Any CPU.ActiveCfg = Release|Any CPU
		{CB139D61-B17F-4FC0-B1C9-3EDE901C408E}.Release|Any CPU.Build.0 = Release|Any CPU
		{DC8E8E69-4603-4DD0-9085-08DDC1C5F417}.Debug|Any CPU.ActiveCfg = Debug|Any CPU
		{DC8E8E69-4603-4DD0-9085-08DDC1C5F417}.Debug|Any CPU.Build.0 = Debug|Any CPU
		{DC8E8E69-4603-4DD0-9085-08DDC1C5F417}.Release|Any CPU.ActiveCfg = Release|Any CPU
		{DC8E8E69-4603-4DD0-9085-08DDC1C5F417}.Release|Any CPU.Build.0 = Release|Any CPU
		{C8E23575-A1AB-4860-9301-6265BE189EF8}.Debug|Any CPU.ActiveCfg = Debug|Any CPU
		{C8E23575-A1AB-4860-9301-6265BE189EF8}.Debug|Any CPU.Build.0 = Debug|Any CPU
		{C8E23575-A1AB-4860-9301-6265BE189EF8}.Release|Any CPU.ActiveCfg = Release|Any CPU
		{C8E23575-A1AB-4860-9301-6265BE189EF8}.Release|Any CPU.Build.0 = Release|Any CPU
	EndGlobalSection
	GlobalSection(SolutionProperties) = preSolution
		HideSolutionNode = FALSE
	EndGlobalSection
	GlobalSection(ExtensibilityGlobals) = postSolution
		SolutionGuid = {9D08186E-B7F0-4150-88E7-950BBD6E32EA}
	EndGlobalSection
EndGlobal
